{
  "requires": true,
  "lockfileVersion": 1,
  "dependencies": {
    "ion-rangeslider": {
      "version": "2.3.1",
      "resolved": "https://registry.npmjs.org/ion-rangeslider/-/ion-rangeslider-2.3.1.tgz",
      "integrity": "sha512-6V+24FD13/feliI485gnRHZYD9Ev64M5NAFTxnVib516ATHa9PlXQrC+nOiPngouRYTCLPJyokAJEi3e1Umi5g=="
    }
  }
}
